
Microsoft Visual Studio Solution File, Format Version 12.00
# Visual Studio Version 17
VisualStudioVersion = 17.14.36603.0
MinimumVisualStudioVersion = 10.0.40219.1
Project("{2150E333-8FDC-42A3-9474-1A3956D46DE8}") = "Task0", "Task0", "{02EA681E-C7D8-13C7-8484-4AC65E1B71E8}"
EndProject
Project("{FAE04EC0-301F-11D3-BF4B-00C04F79EFBC}") = "Tyuiu.VegerinaVV.Sprint5.Task0.V27", "Tyuiu.VegerinaVV.Sprint5.Task0.V27\Tyuiu.VegerinaVV.Sprint5.Task0.V27.csproj", "{30DBAB88-8059-4345-A55A-27040AE8DE7A}"
EndProject
Project("{FAE04EC0-301F-11D3-BF4B-00C04F79EFBC}") = "Tyuiu.VegerinaVV.Sprint5.Task0.V27.Lib", "Tyuiu.VegerinaVV.Sprint5.Task0.V27.Lib\Tyuiu.VegerinaVV.Sprint5.Task0.V27.Lib.csproj", "{466C368B-FE1A-4B58-A451-A70210444C2B}"
EndProject
Project("{FAE04EC0-301F-11D3-BF4B-00C04F79EFBC}") = "Tyuiu.VegerinaVV.Sprint5.Task0.V27.Test", "Tyuiu.VegerinaVV.Sprint5.Task0.V27.Test\Tyuiu.VegerinaVV.Sprint5.Task0.V27.Test.csproj", "{AD21193B-AB3A-4DCA-ACCD-54E280ED7CC3}"
EndProject
Project("{2150E333-8FDC-42A3-9474-1A3956D46DE8}") = "Task1", "Task1", "{CB22202B-333C-4B6E-811B-858A6F004C09}"
EndProject
Project("{FAE04EC0-301F-11D3-BF4B-00C04F79EFBC}") = "Tyuiu.VegerinaVV.Sprint5.Task1.V23", "Tyuiu.VegerinaVV.Sprint5.Task1.V23\Tyuiu.VegerinaVV.Sprint5.Task1.V23.csproj", "{8F06EACC-ADA3-4A76-92EB-62C54C3A106C}"
EndProject
Project("{FAE04EC0-301F-11D3-BF4B-00C04F79EFBC}") = "Tyuiu.VegerinaVV.Sprint5.Task1.V23.Lib", "Tyuiu.VegerinaVV.Sprint5.Task1.V23.Lib\Tyuiu.VegerinaVV.Sprint5.Task1.V23.Lib.csproj", "{362E13E6-1E03-41A5-A101-47864970BA0A}"
EndProject
Project("{FAE04EC0-301F-11D3-BF4B-00C04F79EFBC}") = "Tyuiu.VegerinaVV.Sprint5.Task1.V23.Test", "Tyuiu.VegerinaVV.Sprint5.Task1.V23.Test\Tyuiu.VegerinaVV.Sprint5.Task1.V23.Test.csproj", "{1E2D6FE7-C10A-4BE9-B7A3-9B884CF2D826}"
EndProject
Project("{2150E333-8FDC-42A3-9474-1A3956D46DE8}") = "Task2", "Task2", "{F860D0EC-4D6A-41E0-A25F-F6474D83FDD9}"
EndProject
Project("{FAE04EC0-301F-11D3-BF4B-00C04F79EFBC}") = "Tyuiu.VegerinaVV.Sprint5.Task2.V3", "Tyuiu.VegerinaVV.Sprint5.Task2.V3\Tyuiu.VegerinaVV.Sprint5.Task2.V3.csproj", "{426C6E3D-3BB6-42C3-A81D-7EDA8906E84A}"
EndProject
Project("{FAE04EC0-301F-11D3-BF4B-00C04F79EFBC}") = "Tyuiu.VegerinaVV.Sprint5.Task2.V3.Lib", "Tyuiu.VegerinaVV.Sprint5.Task2.V3.Lib\Tyuiu.VegerinaVV.Sprint5.Task2.V3.Lib.csproj", "{9F6D57CA-25A7-45E6-94BB-213F56362140}"
EndProject
Project("{FAE04EC0-301F-11D3-BF4B-00C04F79EFBC}") = "Tyuiu.VegerinaVV.Sprint5.Task2.V3.Test", "Tyuiu.VegerinaVV.Sprint5.Task2.V3.Test\Tyuiu.VegerinaVV.Sprint5.Task2.V3.Test.csproj", "{B3AF3326-3448-4F6C-94EE-CF694D5A64F9}"
EndProject
Project("{2150E333-8FDC-42A3-9474-1A3956D46DE8}") = "Task3", "Task3", "{0F1BBD6F-4631-411E-BC2C-B03790907220}"
EndProject
Project("{FAE04EC0-301F-11D3-BF4B-00C04F79EFBC}") = "Tyuiu.VegerinaVV.Sprint5.Task3.V30", "Tyuiu.VegerinaVV.Sprint5.Task3.V30\Tyuiu.VegerinaVV.Sprint5.Task3.V30.csproj", "{15C98561-3E9A-4776-9179-5EFE31D264FB}"
EndProject
Project("{FAE04EC0-301F-11D3-BF4B-00C04F79EFBC}") = "Tyuiu.VegerinaVV.Sprint5.Task3.V30.Lib", "Tyuiu.VegerinaVV.Sprint5.Task3.V30.Lib\Tyuiu.VegerinaVV.Sprint5.Task3.V30.Lib.csproj", "{D4B2B0B2-31C8-4659-B35D-5F998B255FA6}"
EndProject
Project("{FAE04EC0-301F-11D3-BF4B-00C04F79EFBC}") = "Tyuiu.VegerinaVV.Sprint5.Task3.V30.Test", "Tyuiu.VegerinaVV.Sprint5.Task3.V30.Test\Tyuiu.VegerinaVV.Sprint5.Task3.V30.Test.csproj", "{E15339B3-0B2D-475B-9958-DEE8D449E10D}"
EndProject
Global
	GlobalSection(SolutionConfigurationPlatforms) = preSolution
		Debug|Any CPU = Debug|Any CPU
		Release|Any CPU = Release|Any CPU
	EndGlobalSection
	GlobalSection(ProjectConfigurationPlatforms) = postSolution
		{30DBAB88-8059-4345-A55A-27040AE8DE7A}.Debug|Any CPU.ActiveCfg = Debug|Any CPU
		{30DBAB88-8059-4345-A55A-27040AE8DE7A}.Debug|Any CPU.Build.0 = Debug|Any CPU
		{30DBAB88-8059-4345-A55A-27040AE8DE7A}.Release|Any CPU.ActiveCfg = Release|Any CPU
		{30DBAB88-8059-4345-A55A-27040AE8DE7A}.Release|Any CPU.Build.0 = Release|Any CPU
		{466C368B-FE1A-4B58-A451-A70210444C2B}.Debug|Any CPU.ActiveCfg = Debug|Any CPU
		{466C368B-FE1A-4B58-A451-A70210444C2B}.Debug|Any CPU.Build.0 = Debug|Any CPU
		{466C368B-FE1A-4B58-A451-A70210444C2B}.Release|Any CPU.ActiveCfg = Release|Any CPU
		{466C368B-FE1A-4B58-A451-A70210444C2B}.Release|Any CPU.Build.0 = Release|Any CPU
		{AD21193B-AB3A-4DCA-ACCD-54E280ED7CC3}.Debug|Any CPU.ActiveCfg = Debug|Any CPU
		{AD21193B-AB3A-4DCA-ACCD-54E280ED7CC3}.Debug|Any CPU.Build.0 = Debug|Any CPU
		{AD21193B-AB3A-4DCA-ACCD-54E280ED7CC3}.Release|Any CPU.ActiveCfg = Release|Any CPU
		{AD21193B-AB3A-4DCA-ACCD-54E280ED7CC3}.Release|Any CPU.Build.0 = Release|Any CPU
		{8F06EACC-ADA3-4A76-92EB-62C54C3A106C}.Debug|Any CPU.ActiveCfg = Debug|Any CPU
		{8F06EACC-ADA3-4A76-92EB-62C54C3A106C}.Debug|Any CPU.Build.0 = Debug|Any CPU
		{8F06EACC-ADA3-4A76-92EB-62C54C3A106C}.Release|Any CPU.ActiveCfg = Release|Any CPU
		{8F06EACC-ADA3-4A76-92EB-62C54C3A106C}.Release|Any CPU.Build.0 = Release|Any CPU
		{362E13E6-1E03-41A5-A101-47864970BA0A}.Debug|Any CPU.ActiveCfg = Debug|Any CPU
		{362E13E6-1E03-41A5-A101-47864970BA0A}.Debug|Any CPU.Build.0 = Debug|Any CPU
		{362E13E6-1E03-41A5-A101-47864970BA0A}.Release|Any CPU.ActiveCfg = Release|Any CPU
		{362E13E6-1E03-41A5-A101-47864970BA0A}.Release|Any CPU.Build.0 = Release|Any CPU
		{1E2D6FE7-C10A-4BE9-B7A3-9B884CF2D826}.Debug|Any CPU.ActiveCfg = Debug|Any CPU
		{1E2D6FE7-C10A-4BE9-B7A3-9B884CF2D826}.Debug|Any CPU.Build.0 = Debug|Any CPU
		{1E2D6FE7-C10A-4BE9-B7A3-9B884CF2D826}.Release|Any CPU.ActiveCfg = Release|Any CPU
		{1E2D6FE7-C10A-4BE9-B7A3-9B884CF2D826}.Release|Any CPU.Build.0 = Release|Any CPU
		{426C6E3D-3BB6-42C3-A81D-7EDA8906E84A}.Debug|Any CPU.ActiveCfg = Debug|Any CPU
		{426C6E3D-3BB6-42C3-A81D-7EDA8906E84A}.Debug|Any CPU.Build.0 = Debug|Any CPU
		{426C6E3D-3BB6-42C3-A81D-7EDA8906E84A}.Release|Any CPU.ActiveCfg = Release|Any CPU
		{426C6E3D-3BB6-42C3-A81D-7EDA8906E84A}.Release|Any CPU.Build.0 = Release|Any CPU
		{9F6D57CA-25A7-45E6-94BB-213F56362140}.Debug|Any CPU.ActiveCfg = Debug|Any CPU
		{9F6D57CA-25A7-45E6-94BB-213F56362140}.Debug|Any CPU.Build.0 = Debug|Any CPU
		{9F6D57CA-25A7-45E6-94BB-213F56362140}.Release|Any CPU.ActiveCfg = Release|Any CPU
		{9F6D57CA-25A7-45E6-94BB-213F56362140}.Release|Any CPU.Build.0 = Release|Any CPU
		{B3AF3326-3448-4F6C-94EE-CF694D5A64F9}.Debug|Any CPU.ActiveCfg = Debug|Any CPU
		{B3AF3326-3448-4F6C-94EE-CF694D5A64F9}.Debug|Any CPU.Build.0 = Debug|Any CPU
		{B3AF3326-3448-4F6C-94EE-CF694D5A64F9}.Release|Any CPU.ActiveCfg = Release|Any CPU
		{B3AF3326-3448-4F6C-94EE-CF694D5A64F9}.Release|Any CPU.Build.0 = Release|Any CPU
		{15C98561-3E9A-4776-9179-5EFE31D264FB}.Debug|Any CPU.ActiveCfg = Debug|Any CPU
		{15C98561-3E9A-4776-9179-5EFE31D264FB}.Debug|Any CPU.Build.0 = Debug|Any CPU
		{15C98561-3E9A-4776-9179-5EFE31D264FB}.Release|Any CPU.ActiveCfg = Release|Any CPU
		{15C98561-3E9A-4776-9179-5EFE31D264FB}.Release|Any CPU.Build.0 = Release|Any CPU
		{D4B2B0B2-31C8-4659-B35D-5F998B255FA6}.Debug|Any CPU.ActiveCfg = Debug|Any CPU
		{D4B2B0B2-31C8-4659-B35D-5F998B255FA6}.Debug|Any CPU.Build.0 = Debug|Any CPU
		{D4B2B0B2-31C8-4659-B35D-5F998B255FA6}.Release|Any CPU.ActiveCfg = Release|Any CPU
		{D4B2B0B2-31C8-4659-B35D-5F998B255FA6}.Release|Any CPU.Build.0 = Release|Any CPU
		{E15339B3-0B2D-475B-9958-DEE8D449E10D}.Debug|Any CPU.ActiveCfg = Debug|Any CPU
		{E15339B3-0B2D-475B-9958-DEE8D449E10D}.Debug|Any CPU.Build.0 = Debug|Any CPU
		{E15339B3-0B2D-475B-9958-DEE8D449E10D}.Release|Any CPU.ActiveCfg = Release|Any CPU
		{E15339B3-0B2D-475B-9958-DEE8D449E10D}.Release|Any CPU.Build.0 = Release|Any CPU
	EndGlobalSection
	GlobalSection(SolutionProperties) = preSolution
		HideSolutionNode = FALSE
	EndGlobalSection
	GlobalSection(NestedProjects) = preSolution
		{30DBAB88-8059-4345-A55A-27040AE8DE7A} = {02EA681E-C7D8-13C7-8484-4AC65E1B71E8}
		{466C368B-FE1A-4B58-A451-A70210444C2B} = {02EA681E-C7D8-13C7-8484-4AC65E1B71E8}
		{AD21193B-AB3A-4DCA-ACCD-54E280ED7CC3} = {02EA681E-C7D8-13C7-8484-4AC65E1B71E8}
		{8F06EACC-ADA3-4A76-92EB-62C54C3A106C} = {CB22202B-333C-4B6E-811B-858A6F004C09}
		{362E13E6-1E03-41A5-A101-47864970BA0A} = {CB22202B-333C-4B6E-811B-858A6F004C09}
		{1E2D6FE7-C10A-4BE9-B7A3-9B884CF2D826} = {CB22202B-333C-4B6E-811B-858A6F004C09}
		{426C6E3D-3BB6-42C3-A81D-7EDA8906E84A} = {F860D0EC-4D6A-41E0-A25F-F6474D83FDD9}
		{9F6D57CA-25A7-45E6-94BB-213F56362140} = {F860D0EC-4D6A-41E0-A25F-F6474D83FDD9}
		{B3AF3326-3448-4F6C-94EE-CF694D5A64F9} = {F860D0EC-4D6A-41E0-A25F-F6474D83FDD9}
		{15C98561-3E9A-4776-9179-5EFE31D264FB} = {0F1BBD6F-4631-411E-BC2C-B03790907220}
		{D4B2B0B2-31C8-4659-B35D-5F998B255FA6} = {0F1BBD6F-4631-411E-BC2C-B03790907220}
		{E15339B3-0B2D-475B-9958-DEE8D449E10D} = {0F1BBD6F-4631-411E-BC2C-B03790907220}
	EndGlobalSection
	GlobalSection(ExtensibilityGlobals) = postSolution
		SolutionGuid = {ED258BA3-A967-4279-9236-0B8418AAAD93}
	EndGlobalSection
EndGlobal
