
Microsoft Visual Studio Solution File, Format Version 12.00
# Visual Studio Version 17
VisualStudioVersion = 17.14.36603.0 d17.14
MinimumVisualStudioVersion = 10.0.40219.1
Project("{2150E333-8FDC-42A3-9474-1A3956D46DE8}") = "Task0", "Task0", "{02EA681E-C7D8-13C7-8484-4AC65E1B71E8}"
EndProject
Project("{FAE04EC0-301F-11D3-BF4B-00C04F79EFBC}") = "Tyuiu.VegerinaVV.Sprint5.Task0.V27", "Tyuiu.VegerinaVV.Sprint5.Task0.V27\Tyuiu.VegerinaVV.Sprint5.Task0.V27.csproj", "{30DBAB88-8059-4345-A55A-27040AE8DE7A}"
EndProject
Project("{FAE04EC0-301F-11D3-BF4B-00C04F79EFBC}") = "Tyuiu.VegerinaVV.Sprint5.Task0.V27.Lib", "Tyuiu.VegerinaVV.Sprint5.Task0.V27.Lib\Tyuiu.VegerinaVV.Sprint5.Task0.V27.Lib.csproj", "{466C368B-FE1A-4B58-A451-A70210444C2B}"
EndProject
Project("{FAE04EC0-301F-11D3-BF4B-00C04F79EFBC}") = "Tyuiu.VegerinaVV.Sprint5.Task0.V27.Test", "Tyuiu.VegerinaVV.Sprint5.Task0.V27.Test\Tyuiu.VegerinaVV.Sprint5.Task0.V27.Test.csproj", "{AD21193B-AB3A-4DCA-ACCD-54E280ED7CC3}"
EndProject
Global
	GlobalSection(SolutionConfigurationPlatforms) = preSolution
		Debug|Any CPU = Debug|Any CPU
		Release|Any CPU = Release|Any CPU
	EndGlobalSection
	GlobalSection(ProjectConfigurationPlatforms) = postSolution
		{30DBAB88-8059-4345-A55A-27040AE8DE7A}.Debug|Any CPU.ActiveCfg = Debug|Any CPU
		{30DBAB88-8059-4345-A55A-27040AE8DE7A}.Debug|Any CPU.Build.0 = Debug|Any CPU
		{30DBAB88-8059-4345-A55A-27040AE8DE7A}.Release|Any CPU.ActiveCfg = Release|Any CPU
		{30DBAB88-8059-4345-A55A-27040AE8DE7A}.Release|Any CPU.Build.0 = Release|Any CPU
		{466C368B-FE1A-4B58-A451-A70210444C2B}.Debug|Any CPU.ActiveCfg = Debug|Any CPU
		{466C368B-FE1A-4B58-A451-A70210444C2B}.Debug|Any CPU.Build.0 = Debug|Any CPU
		{466C368B-FE1A-4B58-A451-A70210444C2B}.Release|Any CPU.ActiveCfg = Release|Any CPU
		{466C368B-FE1A-4B58-A451-A70210444C2B}.Release|Any CPU.Build.0 = Release|Any CPU
		{AD21193B-AB3A-4DCA-ACCD-54E280ED7CC3}.Debug|Any CPU.ActiveCfg = Debug|Any CPU
		{AD21193B-AB3A-4DCA-ACCD-54E280ED7CC3}.Debug|Any CPU.Build.0 = Debug|Any CPU
		{AD21193B-AB3A-4DCA-ACCD-54E280ED7CC3}.Release|Any CPU.ActiveCfg = Release|Any CPU
		{AD21193B-AB3A-4DCA-ACCD-54E280ED7CC3}.Release|Any CPU.Build.0 = Release|Any CPU
	EndGlobalSection
	GlobalSection(SolutionProperties) = preSolution
		HideSolutionNode = FALSE
	EndGlobalSection
	GlobalSection(NestedProjects) = preSolution
		{30DBAB88-8059-4345-A55A-27040AE8DE7A} = {02EA681E-C7D8-13C7-8484-4AC65E1B71E8}
		{466C368B-FE1A-4B58-A451-A70210444C2B} = {02EA681E-C7D8-13C7-8484-4AC65E1B71E8}
		{AD21193B-AB3A-4DCA-ACCD-54E280ED7CC3} = {02EA681E-C7D8-13C7-8484-4AC65E1B71E8}
	EndGlobalSection
	GlobalSection(ExtensibilityGlobals) = postSolution
		SolutionGuid = {ED258BA3-A967-4279-9236-0B8418AAAD93}
	EndGlobalSection
EndGlobal
